
Microsoft Visual Studio Solution File, Format Version 12.00
# Visual Studio Version 16
VisualStudioVersion = 16.0.30330.147
MinimumVisualStudioVersion = 10.0.40219.1
Project("{FAE04EC0-301F-11D3-BF4B-00C04F79EFBC}") = "AnTeStuP", "AnTeStuP.csproj", "{91E0924D-2D52-4FBE-ADE6-AAFD83535427}"
EndProject
Global
	GlobalSection(SolutionConfigurationPlatforms) = preSolution
		Debug|Any CPU = Debug|Any CPU
		Release|Any CPU = Release|Any CPU
	EndGlobalSection
	GlobalSection(ProjectConfigurationPlatforms) = postSolution
		{91E0924D-2D52-4FBE-ADE6-AAFD83535427}.Debug|Any CPU.ActiveCfg = Debug|Any CPU
		{91E0924D-2D52-4FBE-ADE6-AAFD83535427}.Debug|Any CPU.Build.0 = Debug|Any CPU
		{91E0924D-2D52-4FBE-ADE6-AAFD83535427}.Release|Any CPU.ActiveCfg = Release|Any CPU
		{91E0924D-2D52-4FBE-ADE6-AAFD83535427}.Release|Any CPU.Build.0 = Release|Any CPU
	EndGlobalSection
	GlobalSection(SolutionProperties) = preSolution
		HideSolutionNode = FALSE
	EndGlobalSection
	GlobalSection(ExtensibilityGlobals) = postSolution
		SolutionGuid = {AD26CE11-82EF-44D3-ADC1-7EB62F8D082B}
	EndGlobalSection
EndGlobal
